
Microsoft Visual Studio Solution File, Format Version 12.00
# Visual Studio Version 17
VisualStudioVersion = 17.4.33213.308
MinimumVisualStudioVersion = 10.0.40219.1
Project("{888888A0-9F3D-457C-B088-3A5042F75D52}") = "Python386St_lesson9", "Python386St_lesson9\Python386St_lesson9.pyproj", "{3FC76644-F0C5-43AB-990F-7961FD819F6D}"
EndProject
Global
	GlobalSection(SolutionConfigurationPlatforms) = preSolution
		Debug|Any CPU = Debug|Any CPU
		Release|Any CPU = Release|Any CPU
	EndGlobalSection
	GlobalSection(ProjectConfigurationPlatforms) = postSolution
		{3FC76644-F0C5-43AB-990F-7961FD819F6D}.Debug|Any CPU.ActiveCfg = Debug|Any CPU
		{3FC76644-F0C5-43AB-990F-7961FD819F6D}.Release|Any CPU.ActiveCfg = Release|Any CPU
	EndGlobalSection
	GlobalSection(SolutionProperties) = preSolution
		HideSolutionNode = FALSE
	EndGlobalSection
	GlobalSection(ExtensibilityGlobals) = postSolution
		SolutionGuid = {E4D8FC8B-2815-4A19-9A85-219E17716C2E}
	EndGlobalSection
EndGlobal
