
Microsoft Visual Studio Solution File, Format Version 12.00
# Visual Studio Version 17
VisualStudioVersion = 17.4.33213.308
MinimumVisualStudioVersion = 10.0.40219.1
Project("{888888A0-9F3D-457C-B088-3A5042F75D52}") = "Python386St_lesson7", "Python386St_lesson7\Python386St_lesson7.pyproj", "{9F4414AE-3384-4097-AE37-1E4816CDA909}"
EndProject
Global
	GlobalSection(SolutionConfigurationPlatforms) = preSolution
		Debug|Any CPU = Debug|Any CPU
		Release|Any CPU = Release|Any CPU
	EndGlobalSection
	GlobalSection(ProjectConfigurationPlatforms) = postSolution
		{9F4414AE-3384-4097-AE37-1E4816CDA909}.Debug|Any CPU.ActiveCfg = Debug|Any CPU
		{9F4414AE-3384-4097-AE37-1E4816CDA909}.Release|Any CPU.ActiveCfg = Release|Any CPU
	EndGlobalSection
	GlobalSection(SolutionProperties) = preSolution
		HideSolutionNode = FALSE
	EndGlobalSection
	GlobalSection(ExtensibilityGlobals) = postSolution
		SolutionGuid = {F82D453F-F68C-44A5-9EAD-30E3F30A926F}
	EndGlobalSection
EndGlobal
